
Microsoft Visual Studio Solution File, Format Version 12.00
# Visual Studio Version 17
VisualStudioVersion = 17.4.33205.214
MinimumVisualStudioVersion = 10.0.40219.1
Project("{FAE04EC0-301F-11D3-BF4B-00C04F79EFBC}") = "AppDomain_Thread", "AppDomain_Thread\AppDomain_Thread.csproj", "{FBF8A87C-C3A8-472D-AAB1-5D56C01AC7E5}"
EndProject
Global
	GlobalSection(SolutionConfigurationPlatforms) = preSolution
		Debug|Any CPU = Debug|Any CPU
		Release|Any CPU = Release|Any CPU
	EndGlobalSection
	GlobalSection(ProjectConfigurationPlatforms) = postSolution
		{FBF8A87C-C3A8-472D-AAB1-5D56C01AC7E5}.Debug|Any CPU.ActiveCfg = Debug|Any CPU
		{FBF8A87C-C3A8-472D-AAB1-5D56C01AC7E5}.Debug|Any CPU.Build.0 = Debug|Any CPU
		{FBF8A87C-C3A8-472D-AAB1-5D56C01AC7E5}.Release|Any CPU.ActiveCfg = Release|Any CPU
		{FBF8A87C-C3A8-472D-AAB1-5D56C01AC7E5}.Release|Any CPU.Build.0 = Release|Any CPU
	EndGlobalSection
	GlobalSection(SolutionProperties) = preSolution
		HideSolutionNode = FALSE
	EndGlobalSection
	GlobalSection(ExtensibilityGlobals) = postSolution
		SolutionGuid = {F2ACE371-F3A5-4EA7-B93D-EB7E52A77C87}
	EndGlobalSection
EndGlobal
